// !$*UTF8*$!
{
	archiveVersion = 1;
	classes = {
	};
	objectVersion = 55;
	objects = {

/* Begin PBXBuildFile section */
		245EB24627B5E25A1A237399 /* Pods_DefenseAnnouncements.framework in Frameworks */ = {isa = PBXBuildFile; fileRef = B74BD4139A05CBD69666D1ED /* Pods_DefenseAnnouncements.framework */; };
		92BCE1AF283409EC004FD748 /* AppDelegate.swift in Sources */ = {isa = PBXBuildFile; fileRef = 92BCE1AE283409EC004FD748 /* AppDelegate.swift */; };
		92BCE1B1283409EC004FD748 /* SceneDelegate.swift in Sources */ = {isa = PBXBuildFile; fileRef = 92BCE1B0283409EC004FD748 /* SceneDelegate.swift */; };
		92BCE1B6283409EC004FD748 /* Main.storyboard in Resources */ = {isa = PBXBuildFile; fileRef = 92BCE1B4283409EC004FD748 /* Main.storyboard */; };
		92BCE1B8283409F0004FD748 /* Assets.xcassets in Resources */ = {isa = PBXBuildFile; fileRef = 92BCE1B7283409F0004FD748 /* Assets.xcassets */; };
		92BCE1BB283409F0004FD748 /* LaunchScreen.storyboard in Resources */ = {isa = PBXBuildFile; fileRef = 92BCE1B9283409F0004FD748 /* LaunchScreen.storyboard */; };
		92BCE1CB28340C8C004FD748 /* NetworkManager.swift in Sources */ = {isa = PBXBuildFile; fileRef = 92BCE1CA28340C8C004FD748 /* NetworkManager.swift */; };
		92BCE1CD28341F31004FD748 /* DefensAnnouncement.swift in Sources */ = {isa = PBXBuildFile; fileRef = 92BCE1CC28341F31004FD748 /* DefensAnnouncement.swift */; };
		92BCE1CF2834326A004FD748 /* DefenseAnnouncementsViewController.swift in Sources */ = {isa = PBXBuildFile; fileRef = 92BCE1CE2834326A004FD748 /* DefenseAnnouncementsViewController.swift */; };
/* End PBXBuildFile section */

/* Begin PBXFileReference section */
		3003B3675A9AB86B47B964EB /* Pods-DefenseAnnouncements.release.xcconfig */ = {isa = PBXFileReference; includeInIndex = 1; lastKnownFileType = text.xcconfig; name = "Pods-DefenseAnnouncements.release.xcconfig"; path = "Target Support Files/Pods-DefenseAnnouncements/Pods-DefenseAnnouncements.release.xcconfig"; sourceTree = "<group>"; };
		92BCE1AB283409EC004FD748 /* DefenseAnnouncements.app */ = {isa = PBXFileReference; explicitFileType = wrapper.application; includeInIndex = 0; path = DefenseAnnouncements.app; sourceTree = BUILT_PRODUCTS_DIR; };
		92BCE1AE283409EC004FD748 /* AppDelegate.swift */ = {isa = PBXFileReference; lastKnownFileType = sourcecode.swift; path = AppDelegate.swift; sourceTree = "<group>"; };
		92BCE1B0283409EC004FD748 /* SceneDelegate.swift */ = {isa = PBXFileReference; lastKnownFileType = sourcecode.swift; path = SceneDelegate.swift; sourceTree = "<group>"; };
		92BCE1B5283409EC004FD748 /* Base */ = {isa = PBXFileReference; lastKnownFileType = file.storyboard; name = Base; path = Base.lproj/Main.storyboard; sourceTree = "<group>"; };
		92BCE1B7283409F0004FD748 /* Assets.xcassets */ = {isa = PBXFileReference; lastKnownFileType = folder.assetcatalog; path = Assets.xcassets; sourceTree = "<group>"; };
		92BCE1BA283409F0004FD748 /* Base */ = {isa = PBXFileReference; lastKnownFileType = file.storyboard; name = Base; path = Base.lproj/LaunchScreen.storyboard; sourceTree = "<group>"; };
		92BCE1BC283409F0004FD748 /* Info.plist */ = {isa = PBXFileReference; lastKnownFileType = text.plist.xml; path = Info.plist; sourceTree = "<group>"; };
		92BCE1CA28340C8C004FD748 /* NetworkManager.swift */ = {isa = PBXFileReference; lastKnownFileType = sourcecode.swift; path = NetworkManager.swift; sourceTree = "<group>"; };
		92BCE1CC28341F31004FD748 /* DefensAnnouncement.swift */ = {isa = PBXFileReference; lastKnownFileType = sourcecode.swift; path = DefensAnnouncement.swift; sourceTree = "<group>"; };
		92BCE1CE2834326A004FD748 /* DefenseAnnouncementsViewController.swift */ = {isa = PBXFileReference; lastKnownFileType = sourcecode.swift; path = DefenseAnnouncementsViewController.swift; sourceTree = "<group>"; };
		B74BD4139A05CBD69666D1ED /* Pods_DefenseAnnouncements.framework */ = {isa = PBXFileReference; explicitFileType = wrapper.framework; includeInIndex = 0; path = Pods_DefenseAnnouncements.framework; sourceTree = BUILT_PRODUCTS_DIR; };
		C75DE75B670894C9D00706E4 /* Pods-DefenseAnnouncements.debug.xcconfig */ = {isa = PBXFileReference; includeInIndex = 1; lastKnownFileType = text.xcconfig; name = "Pods-DefenseAnnouncements.debug.xcconfig"; path = "Target Support Files/Pods-DefenseAnnouncements/Pods-DefenseAnnouncements.debug.xcconfig"; sourceTree = "<group>"; };
/* End PBXFileReference section */

/* Begin PBXFrameworksBuildPhase section */
		92BCE1A8283409EC004FD748 /* Frameworks */ = {
			isa = PBXFrameworksBuildPhase;
			buildActionMask = 2147483647;
			files = (
				245EB24627B5E25A1A237399 /* Pods_DefenseAnnouncements.framework in Frameworks */,
			);
			runOnlyForDeploymentPostprocessing = 0;
		};
/* End PBXFrameworksBuildPhase section */

/* Begin PBXGroup section */
		880AE2C41101CAE7CB362B19 /* Pods */ = {
			isa = PBXGroup;
			children = (
				C75DE75B670894C9D00706E4 /* Pods-DefenseAnnouncements.debug.xcconfig */,
				3003B3675A9AB86B47B964EB /* Pods-DefenseAnnouncements.release.xcconfig */,
			);
			path = Pods;
			sourceTree = "<group>";
		};
		92BCE1A2283409EC004FD748 = {
			isa = PBXGroup;
			children = (
				92BCE1AD283409EC004FD748 /* DefenseAnnouncements */,
				92BCE1AC283409EC004FD748 /* Products */,
				880AE2C41101CAE7CB362B19 /* Pods */,
				FC71120E7294BA9C2A53BF5F /* Frameworks */,
			);
			sourceTree = "<group>";
		};
		92BCE1AC283409EC004FD748 /* Products */ = {
			isa = PBXGroup;
			children = (
				92BCE1AB283409EC004FD748 /* DefenseAnnouncements.app */,
			);
			name = Products;
			sourceTree = "<group>";
		};
		92BCE1AD283409EC004FD748 /* DefenseAnnouncements */ = {
			isa = PBXGroup;
			children = (
				92BCE1C528340A70004FD748 /* ViewControllers */,
				92BCE1C628340A87004FD748 /* Modals */,
				92BCE1C728340A94004FD748 /* Services */,
				92BCE1C328340A4A004FD748 /* Storyboards */,
				92BCE1C228340A32004FD748 /* App */,
				92BCE1C428340A5A004FD748 /* Resources */,
			);
			path = DefenseAnnouncements;
			sourceTree = "<group>";
		};
		92BCE1C228340A32004FD748 /* App */ = {
			isa = PBXGroup;
			children = (
				92BCE1AE283409EC004FD748 /* AppDelegate.swift */,
				92BCE1B0283409EC004FD748 /* SceneDelegate.swift */,
				92BCE1BC283409F0004FD748 /* Info.plist */,
			);
			path = App;
			sourceTree = "<group>";
		};
		92BCE1C328340A4A004FD748 /* Storyboards */ = {
			isa = PBXGroup;
			children = (
				92BCE1B4283409EC004FD748 /* Main.storyboard */,
				92BCE1B9283409F0004FD748 /* LaunchScreen.storyboard */,
			);
			path = Storyboards;
			sourceTree = "<group>";
		};
		92BCE1C428340A5A004FD748 /* Resources */ = {
			isa = PBXGroup;
			children = (
				92BCE1B7283409F0004FD748 /* Assets.xcassets */,
			);
			path = Resources;
			sourceTree = "<group>";
		};
		92BCE1C528340A70004FD748 /* ViewControllers */ = {
			isa = PBXGroup;
			children = (
				92BCE1CE2834326A004FD748 /* DefenseAnnouncementsViewController.swift */,
			);
			path = ViewControllers;
			sourceTree = "<group>";
		};
		92BCE1C628340A87004FD748 /* Modals */ = {
			isa = PBXGroup;
			children = (
				92BCE1CC28341F31004FD748 /* DefensAnnouncement.swift */,
			);
			path = Modals;
			sourceTree = "<group>";
		};
		92BCE1C728340A94004FD748 /* Services */ = {
			isa = PBXGroup;
			children = (
				92BCE1CA28340C8C004FD748 /* NetworkManager.swift */,
			);
			path = Services;
			sourceTree = "<group>";
		};
		FC71120E7294BA9C2A53BF5F /* Frameworks */ = {
			isa = PBXGroup;
			children = (
				B74BD4139A05CBD69666D1ED /* Pods_DefenseAnnouncements.framework */,
			);
			name = Frameworks;
			sourceTree = "<group>";
		};
/* End PBXGroup section */

/* Begin PBXNativeTarget section */
		92BCE1AA283409EC004FD748 /* DefenseAnnouncements */ = {
			isa = PBXNativeTarget;
			buildConfigurationList = 92BCE1BF283409F0004FD748 /* Build configuration list for PBXNativeTarget "DefenseAnnouncements" */;
			buildPhases = (
				AA2B441F4265CF9DEDAA84E6 /* [CP] Check Pods Manifest.lock */,
				92BCE1A7283409EC004FD748 /* Sources */,
				92BCE1A8283409EC004FD748 /* Frameworks */,
				92BCE1A9283409EC004FD748 /* Resources */,
				556C410A21E71A89229C8DDD /* [CP] Embed Pods Frameworks */,
			);
			buildRules = (
			);
			dependencies = (
			);
			name = DefenseAnnouncements;
			productName = DefenseAnnouncements;
			productReference = 92BCE1AB283409EC004FD748 /* DefenseAnnouncements.app */;
			productType = "com.apple.product-type.application";
		};
/* End PBXNativeTarget section */

/* Begin PBXProject section */
		92BCE1A3283409EC004FD748 /* Project object */ = {
			isa = PBXProject;
			attributes = {
				BuildIndependentTargetsInParallel = 1;
				LastSwiftUpdateCheck = 1320;
				LastUpgradeCheck = 1320;
				TargetAttributes = {
					92BCE1AA283409EC004FD748 = {
						CreatedOnToolsVersion = 13.2.1;
					};
				};
			};
			buildConfigurationList = 92BCE1A6283409EC004FD748 /* Build configuration list for PBXProject "DefenseAnnouncements" */;
			compatibilityVersion = "Xcode 13.0";
			developmentRegion = en;
			hasScannedForEncodings = 0;
			knownRegions = (
				en,
				Base,
			);
			mainGroup = 92BCE1A2283409EC004FD748;
			productRefGroup = 92BCE1AC283409EC004FD748 /* Products */;
			projectDirPath = "";
			projectRoot = "";
			targets = (
				92BCE1AA283409EC004FD748 /* DefenseAnnouncements */,
			);
		};
/* End PBXProject section */

/* Begin PBXResourcesBuildPhase section */
		92BCE1A9283409EC004FD748 /* Resources */ = {
			isa = PBXResourcesBuildPhase;
			buildActionMask = 2147483647;
			files = (
				92BCE1BB283409F0004FD748 /* LaunchScreen.storyboard in Resources */,
				92BCE1B8283409F0004FD748 /* Assets.xcassets in Resources */,
				92BCE1B6283409EC004FD748 /* Main.storyboard in Resources */,
			);
			runOnlyForDeploymentPostprocessing = 0;
		};
/* End PBXResourcesBuildPhase section */

/* Begin PBXShellScriptBuildPhase section */
		556C410A21E71A89229C8DDD /* [CP] Embed Pods Frameworks */ = {
			isa = PBXShellScriptBuildPhase;
			buildActionMask = 2147483647;
			files = (
			);
			inputFileListPaths = (
				"${PODS_ROOT}/Target Support Files/Pods-DefenseAnnouncements/Pods-DefenseAnnouncements-frameworks-${CONFIGURATION}-input-files.xcfilelist",
			);
			name = "[CP] Embed Pods Frameworks";
			outputFileListPaths = (
				"${PODS_ROOT}/Target Support Files/Pods-DefenseAnnouncements/Pods-DefenseAnnouncements-frameworks-${CONFIGURATION}-output-files.xcfilelist",
			);
			runOnlyForDeploymentPostprocessing = 0;
			shellPath = /bin/sh;
			shellScript = "\"${PODS_ROOT}/Target Support Files/Pods-DefenseAnnouncements/Pods-DefenseAnnouncements-frameworks.sh\"\n";
			showEnvVarsInLog = 0;
		};
		AA2B441F4265CF9DEDAA84E6 /* [CP] Check Pods Manifest.lock */ = {
			isa = PBXShellScriptBuildPhase;
			buildActionMask = 2147483647;
			files = (
			);
			inputFileListPaths = (
			);
			inputPaths = (
				"${PODS_PODFILE_DIR_PATH}/Podfile.lock",
				"${PODS_ROOT}/Manifest.lock",
			);
			name = "[CP] Check Pods Manifest.lock";
			outputFileListPaths = (
			);
			outputPaths = (
				"$(DERIVED_FILE_DIR)/Pods-DefenseAnnouncements-checkManifestLockResult.txt",
			);
			runOnlyForDeploymentPostprocessing = 0;
			shellPath = /bin/sh;
			shellScript = "diff \"${PODS_PODFILE_DIR_PATH}/Podfile.lock\" \"${PODS_ROOT}/Manifest.lock\" > /dev/null\nif [ $? != 0 ] ; then\n    # print error to STDERR\n    echo \"error: The sandbox is not in sync with the Podfile.lock. Run 'pod install' or update your CocoaPods installation.\" >&2\n    exit 1\nfi\n# This output is used by Xcode 'outputs' to avoid re-running this script phase.\necho \"SUCCESS\" > \"${SCRIPT_OUTPUT_FILE_0}\"\n";
			showEnvVarsInLog = 0;
		};
/* End PBXShellScriptBuildPhase section */

/* Begin PBXSourcesBuildPhase section */
		92BCE1A7283409EC004FD748 /* Sources */ = {
			isa = PBXSourcesBuildPhase;
			buildActionMask = 2147483647;
			files = (
				92BCE1CB28340C8C004FD748 /* NetworkManager.swift in Sources */,
				92BCE1CF2834326A004FD748 /* DefenseAnnouncementsViewController.swift in Sources */,
				92BCE1AF283409EC004FD748 /* AppDelegate.swift in Sources */,
				92BCE1B1283409EC004FD748 /* SceneDelegate.swift in Sources */,
				92BCE1CD28341F31004FD748 /* DefensAnnouncement.swift in Sources */,
			);
			runOnlyForDeploymentPostprocessing = 0;
		};
/* End PBXSourcesBuildPhase section */

/* Begin PBXVariantGroup section */
		92BCE1B4283409EC004FD748 /* Main.storyboard */ = {
			isa = PBXVariantGroup;
			children = (
				92BCE1B5283409EC004FD748 /* Base */,
			);
			name = Main.storyboard;
			sourceTree = "<group>";
		};
		92BCE1B9283409F0004FD748 /* LaunchScreen.storyboard */ = {
			isa = PBXVariantGroup;
			children = (
				92BCE1BA283409F0004FD748 /* Base */,
			);
			name = LaunchScreen.storyboard;
			sourceTree = "<group>";
		};
/* End PBXVariantGroup section */

/* Begin XCBuildConfiguration section */
		92BCE1BD283409F0004FD748 /* Debug */ = {
			isa = XCBuildConfiguration;
			buildSettings = {
				ALWAYS_SEARCH_USER_PATHS = NO;
				CLANG_ANALYZER_NONNULL = YES;
				CLANG_ANALYZER_NUMBER_OBJECT_CONVERSION = YES_AGGRESSIVE;
				CLANG_CXX_LANGUAGE_STANDARD = "gnu++17";
				CLANG_CXX_LIBRARY = "libc++";
				CLANG_ENABLE_MODULES = YES;
				CLANG_ENABLE_OBJC_ARC = YES;
				CLANG_ENABLE_OBJC_WEAK = YES;
				CLANG_WARN_BLOCK_CAPTURE_AUTORELEASING = YES;
				CLANG_WARN_BOOL_CONVERSION = YES;
				CLANG_WARN_COMMA = YES;
				CLANG_WARN_CONSTANT_CONVERSION = YES;
				CLANG_WARN_DEPRECATED_OBJC_IMPLEMENTATIONS = YES;
				CLANG_WARN_DIRECT_OBJC_ISA_USAGE = YES_ERROR;
				CLANG_WARN_DOCUMENTATION_COMMENTS = YES;
				CLANG_WARN_EMPTY_BODY = YES;
				CLANG_WARN_ENUM_CONVERSION = YES;
				CLANG_WARN_INFINITE_RECURSION = YES;
				CLANG_WARN_INT_CONVERSION = YES;
				CLANG_WARN_NON_LITERAL_NULL_CONVERSION = YES;
				CLANG_WARN_OBJC_IMPLICIT_RETAIN_SELF = YES;
				CLANG_WARN_OBJC_LITERAL_CONVERSION = YES;
				CLANG_WARN_OBJC_ROOT_CLASS = YES_ERROR;
				CLANG_WARN_QUOTED_INCLUDE_IN_FRAMEWORK_HEADER = YES;
				CLANG_WARN_RANGE_LOOP_ANALYSIS = YES;
				CLANG_WARN_STRICT_PROTOTYPES = YES;
				CLANG_WARN_SUSPICIOUS_MOVE = YES;
				CLANG_WARN_UNGUARDED_AVAILABILITY = YES_AGGRESSIVE;
				CLANG_WARN_UNREACHABLE_CODE = YES;
				CLANG_WARN__DUPLICATE_METHOD_MATCH = YES;
				COPY_PHASE_STRIP = NO;
				DEBUG_INFORMATION_FORMAT = dwarf;
				ENABLE_STRICT_OBJC_MSGSEND = YES;
				ENABLE_TESTABILITY = YES;
				GCC_C_LANGUAGE_STANDARD = gnu11;
				GCC_DYNAMIC_NO_PIC = NO;
				GCC_NO_COMMON_BLOCKS = YES;
				GCC_OPTIMIZATION_LEVEL = 0;
				GCC_PREPROCESSOR_DEFINITIONS = (
					"DEBUG=1",
					"$(inherited)",
				);
				GCC_WARN_64_TO_32_BIT_CONVERSION = YES;
				GCC_WARN_ABOUT_RETURN_TYPE = YES_ERROR;
				GCC_WARN_UNDECLARED_SELECTOR = YES;
				GCC_WARN_UNINITIALIZED_AUTOS = YES_AGGRESSIVE;
				GCC_WARN_UNUSED_FUNCTION = YES;
				GCC_WARN_UNUSED_VARIABLE = YES;
				IPHONEOS_DEPLOYMENT_TARGET = 15.2;
				MTL_ENABLE_DEBUG_INFO = INCLUDE_SOURCE;
				MTL_FAST_MATH = YES;
				ONLY_ACTIVE_ARCH = YES;
				SDKROOT = iphoneos;
				SWIFT_ACTIVE_COMPILATION_CONDITIONS = DEBUG;
				SWIFT_OPTIMIZATION_LEVEL = "-Onone";
			};
			name = Debug;
		};
		92BCE1BE283409F0004FD748 /* Release */ = {
			isa = XCBuildConfiguration;
			buildSettings = {
				ALWAYS_SEARCH_USER_PATHS = NO;
				CLANG_ANALYZER_NONNULL = YES;
				CLANG_ANALYZER_NUMBER_OBJECT_CONVERSION = YES_AGGRESSIVE;
				CLANG_CXX_LANGUAGE_STANDARD = "gnu++17";
				CLANG_CXX_LIBRARY = "libc++";
				CLANG_ENABLE_MODULES = YES;
				CLANG_ENABLE_OBJC_ARC = YES;
				CLANG_ENABLE_OBJC_WEAK = YES;
				CLANG_WARN_BLOCK_CAPTURE_AUTORELEASING = YES;
				CLANG_WARN_BOOL_CONVERSION = YES;
				CLANG_WARN_COMMA = YES;
				CLANG_WARN_CONSTANT_CONVERSION = YES;
				CLANG_WARN_DEPRECATED_OBJC_IMPLEMENTATIONS = YES;
				CLANG_WARN_DIRECT_OBJC_ISA_USAGE = YES_ERROR;
				CLANG_WARN_DOCUMENTATION_COMMENTS = YES;
				CLANG_WARN_EMPTY_BODY = YES;
				CLANG_WARN_ENUM_CONVERSION = YES;
				CLANG_WARN_INFINITE_RECURSION = YES;
				CLANG_WARN_INT_CONVERSION = YES;
				CLANG_WARN_NON_LITERAL_NULL_CONVERSION = YES;
				CLANG_WARN_OBJC_IMPLICIT_RETAIN_SELF = YES;
				CLANG_WARN_OBJC_LITERAL_CONVERSION = YES;
				CLANG_WARN_OBJC_ROOT_CLASS = YES_ERROR;
				CLANG_WARN_QUOTED_INCLUDE_IN_FRAMEWORK_HEADER = YES;
				CLANG_WARN_RANGE_LOOP_ANALYSIS = YES;
				CLANG_WARN_STRICT_PROTOTYPES = YES;
				CLANG_WARN_SUSPICIOUS_MOVE = YES;
				CLANG_WARN_UNGUARDED_AVAILABILITY = YES_AGGRESSIVE;
				CLANG_WARN_UNREACHABLE_CODE = YES;
				CLANG_WARN__DUPLICATE_METHOD_MATCH = YES;
				COPY_PHASE_STRIP = NO;
				DEBUG_INFORMATION_FORMAT = "dwarf-with-dsym";
				ENABLE_NS_ASSERTIONS = NO;
				ENABLE_STRICT_OBJC_MSGSEND = YES;
				GCC_C_LANGUAGE_STANDARD = gnu11;
				GCC_NO_COMMON_BLOCKS = YES;
				GCC_WARN_64_TO_32_BIT_CONVERSION = YES;
				GCC_WARN_ABOUT_RETURN_TYPE = YES_ERROR;
				GCC_WARN_UNDECLARED_SELECTOR = YES;
				GCC_WARN_UNINITIALIZED_AUTOS = YES_AGGRESSIVE;
				GCC_WARN_UNUSED_FUNCTION = YES;
				GCC_WARN_UNUSED_VARIABLE = YES;
				IPHONEOS_DEPLOYMENT_TARGET = 15.2;
				MTL_ENABLE_DEBUG_INFO = NO;
				MTL_FAST_MATH = YES;
				SDKROOT = iphoneos;
				SWIFT_COMPILATION_MODE = wholemodule;
				SWIFT_OPTIMIZATION_LEVEL = "-O";
				VALIDATE_PRODUCT = YES;
			};
			name = Release;
		};
		92BCE1C0283409F0004FD748 /* Debug */ = {
			isa = XCBuildConfiguration;
			baseConfigurationReference = C75DE75B670894C9D00706E4 /* Pods-DefenseAnnouncements.debug.xcconfig */;
			buildSettings = {
				ASSETCATALOG_COMPILER_APPICON_NAME = AppIcon;
				ASSETCATALOG_COMPILER_GLOBAL_ACCENT_COLOR_NAME = AccentColor;
				CODE_SIGN_STYLE = Automatic;
				CURRENT_PROJECT_VERSION = 1;
				DEVELOPMENT_TEAM = BCSF38WV6J;
				GENERATE_INFOPLIST_FILE = YES;
				INFOPLIST_FILE = DefenseAnnouncements/App/Info.plist;
				INFOPLIST_KEY_UIApplicationSupportsIndirectInputEvents = YES;
				INFOPLIST_KEY_UILaunchStoryboardName = LaunchScreen;
				INFOPLIST_KEY_UIMainStoryboardFile = Main;
				INFOPLIST_KEY_UISupportedInterfaceOrientations = UIInterfaceOrientationPortrait;
				INFOPLIST_KEY_UISupportedInterfaceOrientations_iPad = "UIInterfaceOrientationPortrait UIInterfaceOrientationPortraitUpsideDown UIInterfaceOrientationLandscapeLeft UIInterfaceOrientationLandscapeRight";
				INFOPLIST_KEY_UISupportedInterfaceOrientations_iPhone = "UIInterfaceOrientationPortrait UIInterfaceOrientationLandscapeLeft UIInterfaceOrientationLandscapeRight";
				LD_RUNPATH_SEARCH_PATHS = (
					"$(inherited)",
					"@executable_path/Frameworks",
				);
				MARKETING_VERSION = 1.0;
				PRODUCT_BUNDLE_IDENTIFIER = com.VarenikovDenis.DefenseAnnouncements;
				PRODUCT_NAME = "$(TARGET_NAME)";
				SWIFT_EMIT_LOC_STRINGS = YES;
				SWIFT_VERSION = 5.0;
				TARGETED_DEVICE_FAMILY = 1;
			};
			name = Debug;
		};
		92BCE1C1283409F0004FD748 /* Release */ = {
			isa = XCBuildConfiguration;
			baseConfigurationReference = 3003B3675A9AB86B47B964EB /* Pods-DefenseAnnouncements.release.xcconfig */;
			buildSettings = {
				ASSETCATALOG_COMPILER_APPICON_NAME = AppIcon;
				ASSETCATALOG_COMPILER_GLOBAL_ACCENT_COLOR_NAME = AccentColor;
				CODE_SIGN_STYLE = Automatic;
				CURRENT_PROJECT_VERSION = 1;
				DEVELOPMENT_TEAM = BCSF38WV6J;
				GENERATE_INFOPLIST_FILE = YES;
				INFOPLIST_FILE = DefenseAnnouncements/App/Info.plist;
				INFOPLIST_KEY_UIApplicationSupportsIndirectInputEvents = YES;
				INFOPLIST_KEY_UILaunchStoryboardName = LaunchScreen;
				INFOPLIST_KEY_UIMainStoryboardFile = Main;
				INFOPLIST_KEY_UISupportedInterfaceOrientations = UIInterfaceOrientationPortrait;
				INFOPLIST_KEY_UISupportedInterfaceOrientations_iPad = "UIInterfaceOrientationPortrait UIInterfaceOrientationPortraitUpsideDown UIInterfaceOrientationLandscapeLeft UIInterfaceOrientationLandscapeRight";
				INFOPLIST_KEY_UISupportedInterfaceOrientations_iPhone = "UIInterfaceOrientationPortrait UIInterfaceOrientationLandscapeLeft UIInterfaceOrientationLandscapeRight";
				LD_RUNPATH_SEARCH_PATHS = (
					"$(inherited)",
					"@executable_path/Frameworks",
				);
				MARKETING_VERSION = 1.0;
				PRODUCT_BUNDLE_IDENTIFIER = com.VarenikovDenis.DefenseAnnouncements;
				PRODUCT_NAME = "$(TARGET_NAME)";
				SWIFT_EMIT_LOC_STRINGS = YES;
				SWIFT_VERSION = 5.0;
				TARGETED_DEVICE_FAMILY = 1;
			};
			name = Release;
		};
/* End XCBuildConfiguration section */

/* Begin XCConfigurationList section */
		92BCE1A6283409EC004FD748 /* Build configuration list for PBXProject "DefenseAnnouncements" */ = {
			isa = XCConfigurationList;
			buildConfigurations = (
				92BCE1BD283409F0004FD748 /* Debug */,
				92BCE1BE283409F0004FD748 /* Release */,
			);
			defaultConfigurationIsVisible = 0;
			defaultConfigurationName = Release;
		};
		92BCE1BF283409F0004FD748 /* Build configuration list for PBXNativeTarget "DefenseAnnouncements" */ = {
			isa = XCConfigurationList;
			buildConfigurations = (
				92BCE1C0283409F0004FD748 /* Debug */,
				92BCE1C1283409F0004FD748 /* Release */,
			);
			defaultConfigurationIsVisible = 0;
			defaultConfigurationName = Release;
		};
/* End XCConfigurationList section */
	};
	rootObject = 92BCE1A3283409EC004FD748 /* Project object */;
}
